<?xml version="1.0" encoding="utf-8"?>
<Project ToolsVersion="4.0" xmlns="http://schemas.microsoft.com/developer/msbuild/2003">
  <ItemGroup>
    <Filter Include="Логика">
      <UniqueIdentifier>{93995380-89BD-4b04-88EB-625FBE52EBFB}</UniqueIdentifier>
      <Extensions>h;hh;hpp;hxx;hm;inl;inc;xsd</Extensions>
    </Filter>
    <Filter Include="Библиотека">
      <UniqueIdentifier>{4FC737F1-C7A5-4376-A066-2A32D752A2FF}</UniqueIdentifier>
      <Extensions>cpp;c;cc;cxx;def;odl;idl;hpj;bat;asm;asmx</Extensions>
    </Filter>
    <Filter Include="Платформа">
      <UniqueIdentifier>{269552cd-55bd-4567-8817-8253dbf67f80}</UniqueIdentifier>
    </Filter>
    <Filter Include="Текст">
      <UniqueIdentifier>{83b37f82-da19-44a4-9c0f-ccca69fade75}</UniqueIdentifier>
    </Filter>
  </ItemGroup>
  <ItemGroup>
    <ClCompile Include="bsdata.cpp">
      <Filter>Библиотека</Filter>
    </ClCompile>
    <ClCompile Include="bsdata_serial.cpp">
      <Filter>Библиотека</Filter>
    </ClCompile>
    <ClCompile Include="bsreq.cpp">
      <Filter>Библиотека</Filter>
    </ClCompile>
    <ClCompile Include="collection.cpp">
      <Filter>Библиотека</Filter>
    </ClCompile>
    <ClCompile Include="color.cpp">
      <Filter>Библиотека</Filter>
    </ClCompile>
    <ClCompile Include="command.cpp">
      <Filter>Библиотека</Filter>
    </ClCompile>
    <ClCompile Include="crt.cpp">
      <Filter>Библиотека</Filter>
    </ClCompile>
    <ClCompile Include="crt_parse.cpp">
      <Filter>Библиотека</Filter>
    </ClCompile>
    <ClCompile Include="draw.cpp">
      <Filter>Библиотека</Filter>
    </ClCompile>
    <ClCompile Include="draw_input.cpp">
      <Filter>Библиотека</Filter>
    </ClCompile>
    <ClCompile Include="draw_text.cpp">
      <Filter>Библиотека</Filter>
    </ClCompile>
    <ClCompile Include="draw_textf.cpp">
      <Filter>Библиотека</Filter>
    </ClCompile>
    <ClCompile Include="io.cpp">
      <Filter>Библиотека</Filter>
    </ClCompile>
    <ClCompile Include="point.cpp">
      <Filter>Библиотека</Filter>
    </ClCompile>
    <ClCompile Include="surface.cpp">
      <Filter>Библиотека</Filter>
    </ClCompile>
    <ClCompile Include="surface_serial.cpp">
      <Filter>Библиотека</Filter>
    </ClCompile>
    <ClCompile Include="main.cpp">
      <Filter>Логика</Filter>
    </ClCompile>
    <ClCompile Include="win_draw.cpp">
      <Filter>Платформа</Filter>
    </ClCompile>
    <ClCompile Include="win_io_file.cpp">
      <Filter>Платформа</Filter>
    </ClCompile>
    <ClCompile Include="print.cpp">
      <Filter>Логика</Filter>
    </ClCompile>
    <ClCompile Include="szdup.cpp">
      <Filter>Библиотека</Filter>
    </ClCompile>
    <ClCompile Include="location.cpp">
      <Filter>Логика</Filter>
    </ClCompile>
    <ClCompile Include="ship.cpp">
      <Filter>Логика</Filter>
    </ClCompile>
    <ClCompile Include="duration.cpp">
      <Filter>Логика</Filter>
    </ClCompile>
    <ClCompile Include="logs.cpp">
      <Filter>Текст</Filter>
    </ClCompile>
    <ClCompile Include="logs_printer.cpp">
      <Filter>Текст</Filter>
    </ClCompile>
    <ClCompile Include="stringcreator.cpp">
      <Filter>Текст</Filter>
    </ClCompile>
    <ClCompile Include="weapon.cpp">
      <Filter>Логика</Filter>
    </ClCompile>
    <ClCompile Include="damageinfo.cpp">
      <Filter>Логика</Filter>
    </ClCompile>
    <ClCompile Include="spaceship.cpp">
      <Filter>Логика</Filter>
    </ClCompile>
    <ClCompile Include="status.cpp">
      <Filter>Логика</Filter>
    </ClCompile>
  </ItemGroup>
  <ItemGroup>
    <ClInclude Include="adat.h">
      <Filter>Библиотека</Filter>
    </ClInclude>
    <ClInclude Include="aref.h">
      <Filter>Библиотека</Filter>
    </ClInclude>
    <ClInclude Include="bsdata.h">
      <Filter>Библиотека</Filter>
    </ClInclude>
    <ClInclude Include="bsreq.h">
      <Filter>Библиотека</Filter>
    </ClInclude>
    <ClInclude Include="cflags.h">
      <Filter>Библиотека</Filter>
    </ClInclude>
    <ClInclude Include="collection.h">
      <Filter>Библиотека</Filter>
    </ClInclude>
    <ClInclude Include="color.h">
      <Filter>Библиотека</Filter>
    </ClInclude>
    <ClInclude Include="command.h">
      <Filter>Библиотека</Filter>
    </ClInclude>
    <ClInclude Include="crt.h">
      <Filter>Библиотека</Filter>
    </ClInclude>
    <ClInclude Include="draw.h">
      <Filter>Библиотека</Filter>
    </ClInclude>
    <ClInclude Include="initializer_list.h">
      <Filter>Библиотека</Filter>
    </ClInclude>
    <ClInclude Include="io.h">
      <Filter>Библиотека</Filter>
    </ClInclude>
    <ClInclude Include="point.h">
      <Filter>Библиотека</Filter>
    </ClInclude>
    <ClInclude Include="rect.h">
      <Filter>Библиотека</Filter>
    </ClInclude>
    <ClInclude Include="surface.h">
      <Filter>Библиотека</Filter>
    </ClInclude>
    <ClInclude Include="win.h">
      <Filter>Платформа</Filter>
    </ClInclude>
    <ClInclude Include="main.h">
      <Filter>Логика</Filter>
    </ClInclude>
    <ClInclude Include="acol.h">
      <Filter>Библиотека</Filter>
    </ClInclude>
    <ClInclude Include="logs.h">
      <Filter>Текст</Filter>
    </ClInclude>
    <ClInclude Include="stringcreator.h">
      <Filter>Текст</Filter>
    </ClInclude>
  </ItemGroup>
</Project>